
Microsoft Visual Studio Solution File, Format Version 12.00
# Visual Studio Version 16
VisualStudioVersion = 16.0.31205.134
MinimumVisualStudioVersion = 10.0.40219.1
Project("{9A19103F-16F7-4668-BE54-9A1E7A4F7556}") = "CoreExample", "CoreExample\CoreExample.csproj", "{942BE850-BE60-4FFB-82FD-95A2830CB061}"
EndProject
Project("{9A19103F-16F7-4668-BE54-9A1E7A4F7556}") = "CoreIdentityExam", "CoreIdentityExam\CoreIdentityExam.csproj", "{5A0A0723-386D-4AB6-B287-E106026690E2}"
EndProject
Global
	GlobalSection(SolutionConfigurationPlatforms) = preSolution
		Debug|Any CPU = Debug|Any CPU
		Release|Any CPU = Release|Any CPU
	EndGlobalSection
	GlobalSection(ProjectConfigurationPlatforms) = postSolution
		{942BE850-BE60-4FFB-82FD-95A2830CB061}.Debug|Any CPU.ActiveCfg = Debug|Any CPU
		{942BE850-BE60-4FFB-82FD-95A2830CB061}.Debug|Any CPU.Build.0 = Debug|Any CPU
		{942BE850-BE60-4FFB-82FD-95A2830CB061}.Release|Any CPU.ActiveCfg = Release|Any CPU
		{942BE850-BE60-4FFB-82FD-95A2830CB061}.Release|Any CPU.Build.0 = Release|Any CPU
		{5A0A0723-386D-4AB6-B287-E106026690E2}.Debug|Any CPU.ActiveCfg = Debug|Any CPU
		{5A0A0723-386D-4AB6-B287-E106026690E2}.Debug|Any CPU.Build.0 = Debug|Any CPU
		{5A0A0723-386D-4AB6-B287-E106026690E2}.Release|Any CPU.ActiveCfg = Release|Any CPU
		{5A0A0723-386D-4AB6-B287-E106026690E2}.Release|Any CPU.Build.0 = Release|Any CPU
	EndGlobalSection
	GlobalSection(SolutionProperties) = preSolution
		HideSolutionNode = FALSE
	EndGlobalSection
	GlobalSection(ExtensibilityGlobals) = postSolution
		SolutionGuid = {EE34CC2D-0916-42ED-954E-4C7192D47AFB}
	EndGlobalSection
EndGlobal
